
Microsoft Visual Studio Solution File, Format Version 12.00
# Visual Studio 14
VisualStudioVersion = 14.0.25123.0
MinimumVisualStudioVersion = 10.0.40219.1
Project("{FAE04EC0-301F-11D3-BF4B-00C04F79EFBC}") = "AnaSınıfıProjesi--16Nisan2019", "AnaSınıfıProjesi--16Nisan2019\AnaSınıfıProjesi--16Nisan2019.csproj", "{18784EB3-F14B-4703-AAE2-D0252B2669F9}"
EndProject
Global
	GlobalSection(SolutionConfigurationPlatforms) = preSolution
		Debug|Any CPU = Debug|Any CPU
		Release|Any CPU = Release|Any CPU
	EndGlobalSection
	GlobalSection(ProjectConfigurationPlatforms) = postSolution
		{18784EB3-F14B-4703-AAE2-D0252B2669F9}.Debug|Any CPU.ActiveCfg = Debug|Any CPU
		{18784EB3-F14B-4703-AAE2-D0252B2669F9}.Debug|Any CPU.Build.0 = Debug|Any CPU
		{18784EB3-F14B-4703-AAE2-D0252B2669F9}.Release|Any CPU.ActiveCfg = Release|Any CPU
		{18784EB3-F14B-4703-AAE2-D0252B2669F9}.Release|Any CPU.Build.0 = Release|Any CPU
	EndGlobalSection
	GlobalSection(SolutionProperties) = preSolution
		HideSolutionNode = FALSE
	EndGlobalSection
EndGlobal
